
Microsoft Visual Studio Solution File, Format Version 12.00
# Visual Studio Version 16
VisualStudioVersion = 16.0.30503.244
MinimumVisualStudioVersion = 10.0.40219.1
Project("{FAE04EC0-301F-11D3-BF4B-00C04F79EFBC}") = "Övning 6-1 Skogen Av Benya", "Övning 6-1 Skogen Av Benya.csproj", "{EA1669F2-6C37-41DD-A408-241323B612C9}"
EndProject
Global
	GlobalSection(SolutionConfigurationPlatforms) = preSolution
		Debug|Any CPU = Debug|Any CPU
		Release|Any CPU = Release|Any CPU
	EndGlobalSection
	GlobalSection(ProjectConfigurationPlatforms) = postSolution
		{EA1669F2-6C37-41DD-A408-241323B612C9}.Debug|Any CPU.ActiveCfg = Debug|Any CPU
		{EA1669F2-6C37-41DD-A408-241323B612C9}.Debug|Any CPU.Build.0 = Debug|Any CPU
		{EA1669F2-6C37-41DD-A408-241323B612C9}.Release|Any CPU.ActiveCfg = Release|Any CPU
		{EA1669F2-6C37-41DD-A408-241323B612C9}.Release|Any CPU.Build.0 = Release|Any CPU
	EndGlobalSection
	GlobalSection(SolutionProperties) = preSolution
		HideSolutionNode = FALSE
	EndGlobalSection
	GlobalSection(ExtensibilityGlobals) = postSolution
		SolutionGuid = {5A47F2F2-6AA3-4D1E-B12F-1D1725F539BE}
	EndGlobalSection
EndGlobal
